
Microsoft Visual Studio Solution File, Format Version 12.00
# Visual Studio Version 16
VisualStudioVersion = 16.0.29709.97
MinimumVisualStudioVersion = 10.0.40219.1
Project("{FAE04EC0-301F-11D3-BF4B-00C04F79EFBC}") = "EasyBuildManager", "EasyBuildManager.csproj", "{013DF188-1168-44B0-97A4-AE8A11DECDA7}"
EndProject
Global
	GlobalSection(SolutionConfigurationPlatforms) = preSolution
		Debug|Any CPU = Debug|Any CPU
		Release|Any CPU = Release|Any CPU
	EndGlobalSection
	GlobalSection(ProjectConfigurationPlatforms) = postSolution
		{013DF188-1168-44B0-97A4-AE8A11DECDA7}.Debug|Any CPU.ActiveCfg = Debug|Any CPU
		{013DF188-1168-44B0-97A4-AE8A11DECDA7}.Debug|Any CPU.Build.0 = Debug|Any CPU
		{013DF188-1168-44B0-97A4-AE8A11DECDA7}.Release|Any CPU.ActiveCfg = Release|Any CPU
		{013DF188-1168-44B0-97A4-AE8A11DECDA7}.Release|Any CPU.Build.0 = Release|Any CPU
	EndGlobalSection
	GlobalSection(SolutionProperties) = preSolution
		HideSolutionNode = FALSE
	EndGlobalSection
	GlobalSection(ExtensibilityGlobals) = postSolution
		SolutionGuid = {4794F442-C3B6-45A4-8EE7-AEBC133ED65A}
	EndGlobalSection
EndGlobal
